{"entries":[{"digest":"sha256:0f48a50cf2edeea3d6e270f8dae645529128ca8b2954993891a2fb8f7b16145a","provider":"github","reference":"actions/checkout@v4","revision":"11d5960a326750d5838078e36cf38b85af677262","source":"https://github.com/actions/checkout/tree/11d5960a326750d5838078e36cf38b85af677262"}],"integrity":"sha256:b3be6a533bf70ab23c3033449a38fde171cf0761e42f3b5077a2397cf16a693c","schema":"lock-v2"}
